
Microsoft Visual Studio Solution File, Format Version 12.00
# Visual Studio Version 16
VisualStudioVersion = 16.0.29009.5
MinimumVisualStudioVersion = 10.0.40219.1
Project("{FAE04EC0-301F-11D3-BF4B-00C04F79EFBC}") = "FrontLager", "FrontLager\FrontLager.csproj", "{9AA1812B-4D51-4B53-BA42-2F41A12BBCD6}"
EndProject
Project("{FAE04EC0-301F-11D3-BF4B-00C04F79EFBC}") = "RSSLogic", "RSSLogic\RSSLogic.csproj", "{B2C077A6-47A1-4E83-9D48-46A3F7A8229C}"
EndProject
Project("{FAE04EC0-301F-11D3-BF4B-00C04F79EFBC}") = "RSSData", "RSSData\RSSData.csproj", "{838B6E2C-78CE-43EF-B645-EB151383ABF2}"
EndProject
Project("{FAE04EC0-301F-11D3-BF4B-00C04F79EFBC}") = "RSSEntities", "RSSEntities\RSSEntities.csproj", "{402753E3-CBF2-4DA6-A207-6432B16E075B}"
EndProject
Global
	GlobalSection(SolutionConfigurationPlatforms) = preSolution
		Debug|Any CPU = Debug|Any CPU
		Release|Any CPU = Release|Any CPU
	EndGlobalSection
	GlobalSection(ProjectConfigurationPlatforms) = postSolution
		{9AA1812B-4D51-4B53-BA42-2F41A12BBCD6}.Debug|Any CPU.ActiveCfg = Debug|Any CPU
		{9AA1812B-4D51-4B53-BA42-2F41A12BBCD6}.Debug|Any CPU.Build.0 = Debug|Any CPU
		{9AA1812B-4D51-4B53-BA42-2F41A12BBCD6}.Release|Any CPU.ActiveCfg = Release|Any CPU
		{9AA1812B-4D51-4B53-BA42-2F41A12BBCD6}.Release|Any CPU.Build.0 = Release|Any CPU
		{B2C077A6-47A1-4E83-9D48-46A3F7A8229C}.Debug|Any CPU.ActiveCfg = Debug|Any CPU
		{B2C077A6-47A1-4E83-9D48-46A3F7A8229C}.Debug|Any CPU.Build.0 = Debug|Any CPU
		{B2C077A6-47A1-4E83-9D48-46A3F7A8229C}.Release|Any CPU.ActiveCfg = Release|Any CPU
		{B2C077A6-47A1-4E83-9D48-46A3F7A8229C}.Release|Any CPU.Build.0 = Release|Any CPU
		{838B6E2C-78CE-43EF-B645-EB151383ABF2}.Debug|Any CPU.ActiveCfg = Debug|Any CPU
		{838B6E2C-78CE-43EF-B645-EB151383ABF2}.Debug|Any CPU.Build.0 = Debug|Any CPU
		{838B6E2C-78CE-43EF-B645-EB151383ABF2}.Release|Any CPU.ActiveCfg = Release|Any CPU
		{838B6E2C-78CE-43EF-B645-EB151383ABF2}.Release|Any CPU.Build.0 = Release|Any CPU
		{402753E3-CBF2-4DA6-A207-6432B16E075B}.Debug|Any CPU.ActiveCfg = Debug|Any CPU
		{402753E3-CBF2-4DA6-A207-6432B16E075B}.Debug|Any CPU.Build.0 = Debug|Any CPU
		{402753E3-CBF2-4DA6-A207-6432B16E075B}.Release|Any CPU.ActiveCfg = Release|Any CPU
		{402753E3-CBF2-4DA6-A207-6432B16E075B}.Release|Any CPU.Build.0 = Release|Any CPU
	EndGlobalSection
	GlobalSection(SolutionProperties) = preSolution
		HideSolutionNode = FALSE
	EndGlobalSection
	GlobalSection(ExtensibilityGlobals) = postSolution
		SolutionGuid = {318C691D-D44A-430F-BB85-63CE3555D761}
	EndGlobalSection
EndGlobal
